
Microsoft Visual Studio Solution File, Format Version 12.00
# Visual Studio 14
VisualStudioVersion = 14.0.23107.0
MinimumVisualStudioVersion = 10.0.40219.1
Project("{FAE04EC0-301F-11D3-BF4B-00C04F79EFBC}") = "CurrencyExchange.API", "CurrencyExchange.API\CurrencyExchange.API.csproj", "{9DF544B5-7C82-491C-ADA7-55F3346A5F27}"
EndProject
Project("{FAE04EC0-301F-11D3-BF4B-00C04F79EFBC}") = "CurrencyExchange.Repository", "CurrencyExchange.Repository\CurrencyExchange.Repository.csproj", "{A221A588-4B72-481A-B715-46BE8F557DF7}"
EndProject
Project("{FAE04EC0-301F-11D3-BF4B-00C04F79EFBC}") = "CurrencyExchange.FixerIo", "CurrencyExchange.FixerIo\CurrencyExchange.FixerIo.csproj", "{1D640585-51A3-4F8D-8DAA-9E5588B3552F}"
EndProject
Project("{FAE04EC0-301F-11D3-BF4B-00C04F79EFBC}") = "CurrencyExchange.Common", "CurrencyExchange.Common\CurrencyExchange.Common.csproj", "{899B3126-9A29-4713-8067-2CA17B936B4B}"
EndProject
Project("{FAE04EC0-301F-11D3-BF4B-00C04F79EFBC}") = "CurrencyExchange.DomainObject", "CurrencyExchange.DomainObject\CurrencyExchange.DomainObject.csproj", "{1E1C6B56-10F0-4EA9-A589-7D7E7F8BC50E}"
EndProject
Global
	GlobalSection(SolutionConfigurationPlatforms) = preSolution
		Debug|Any CPU = Debug|Any CPU
		Release|Any CPU = Release|Any CPU
	EndGlobalSection
	GlobalSection(ProjectConfigurationPlatforms) = postSolution
		{9DF544B5-7C82-491C-ADA7-55F3346A5F27}.Debug|Any CPU.ActiveCfg = Debug|Any CPU
		{9DF544B5-7C82-491C-ADA7-55F3346A5F27}.Debug|Any CPU.Build.0 = Debug|Any CPU
		{9DF544B5-7C82-491C-ADA7-55F3346A5F27}.Release|Any CPU.ActiveCfg = Release|Any CPU
		{9DF544B5-7C82-491C-ADA7-55F3346A5F27}.Release|Any CPU.Build.0 = Release|Any CPU
		{A221A588-4B72-481A-B715-46BE8F557DF7}.Debug|Any CPU.ActiveCfg = Debug|Any CPU
		{A221A588-4B72-481A-B715-46BE8F557DF7}.Debug|Any CPU.Build.0 = Debug|Any CPU
		{A221A588-4B72-481A-B715-46BE8F557DF7}.Release|Any CPU.ActiveCfg = Release|Any CPU
		{A221A588-4B72-481A-B715-46BE8F557DF7}.Release|Any CPU.Build.0 = Release|Any CPU
		{1D640585-51A3-4F8D-8DAA-9E5588B3552F}.Debug|Any CPU.ActiveCfg = Debug|Any CPU
		{1D640585-51A3-4F8D-8DAA-9E5588B3552F}.Debug|Any CPU.Build.0 = Debug|Any CPU
		{1D640585-51A3-4F8D-8DAA-9E5588B3552F}.Release|Any CPU.ActiveCfg = Release|Any CPU
		{1D640585-51A3-4F8D-8DAA-9E5588B3552F}.Release|Any CPU.Build.0 = Release|Any CPU
		{899B3126-9A29-4713-8067-2CA17B936B4B}.Debug|Any CPU.ActiveCfg = Debug|Any CPU
		{899B3126-9A29-4713-8067-2CA17B936B4B}.Debug|Any CPU.Build.0 = Debug|Any CPU
		{899B3126-9A29-4713-8067-2CA17B936B4B}.Release|Any CPU.ActiveCfg = Release|Any CPU
		{899B3126-9A29-4713-8067-2CA17B936B4B}.Release|Any CPU.Build.0 = Release|Any CPU
		{1E1C6B56-10F0-4EA9-A589-7D7E7F8BC50E}.Debug|Any CPU.ActiveCfg = Debug|Any CPU
		{1E1C6B56-10F0-4EA9-A589-7D7E7F8BC50E}.Debug|Any CPU.Build.0 = Debug|Any CPU
		{1E1C6B56-10F0-4EA9-A589-7D7E7F8BC50E}.Release|Any CPU.ActiveCfg = Release|Any CPU
		{1E1C6B56-10F0-4EA9-A589-7D7E7F8BC50E}.Release|Any CPU.Build.0 = Release|Any CPU
	EndGlobalSection
	GlobalSection(SolutionProperties) = preSolution
		HideSolutionNode = FALSE
	EndGlobalSection
EndGlobal
